
Microsoft Visual Studio Solution File, Format Version 12.00
# Visual Studio Version 17
VisualStudioVersion = 17.8.34322.80
MinimumVisualStudioVersion = 10.0.40219.1
Project("{9A19103F-16F7-4668-BE54-9A1E7A4F7556}") = "AlgEwolucyjneZadanie2", "AlgEwolucyjneZadanie2\AlgEwolucyjneZadanie2.csproj", "{BB5645F3-E059-4B76-82F9-49D4787187BD}"
EndProject
Global
	GlobalSection(SolutionConfigurationPlatforms) = preSolution
		Debug|Any CPU = Debug|Any CPU
		Release|Any CPU = Release|Any CPU
	EndGlobalSection
	GlobalSection(ProjectConfigurationPlatforms) = postSolution
		{BB5645F3-E059-4B76-82F9-49D4787187BD}.Debug|Any CPU.ActiveCfg = Debug|Any CPU
		{BB5645F3-E059-4B76-82F9-49D4787187BD}.Debug|Any CPU.Build.0 = Debug|Any CPU
		{BB5645F3-E059-4B76-82F9-49D4787187BD}.Release|Any CPU.ActiveCfg = Release|Any CPU
		{BB5645F3-E059-4B76-82F9-49D4787187BD}.Release|Any CPU.Build.0 = Release|Any CPU
	EndGlobalSection
	GlobalSection(SolutionProperties) = preSolution
		HideSolutionNode = FALSE
	EndGlobalSection
	GlobalSection(ExtensibilityGlobals) = postSolution
		SolutionGuid = {B34158A1-A0D4-4EB9-B951-8759C5E09676}
	EndGlobalSection
EndGlobal
